
Microsoft Visual Studio Solution File, Format Version 12.00
# Visual Studio Version 16
VisualStudioVersion = 16.0.33214.272
MinimumVisualStudioVersion = 10.0.40219.1
Project("{FAE04EC0-301F-11D3-BF4B-00C04F79EFBC}") = "ServersLib", "ServersLib.csproj", "{613DADD6-E5D2-463A-B242-369A6DE991EE}"
EndProject
Global
	GlobalSection(SolutionConfigurationPlatforms) = preSolution
		Debug|Any CPU = Debug|Any CPU
		Release|Any CPU = Release|Any CPU
	EndGlobalSection
	GlobalSection(ProjectConfigurationPlatforms) = postSolution
		{613DADD6-E5D2-463A-B242-369A6DE991EE}.Debug|Any CPU.ActiveCfg = Debug|Any CPU
		{613DADD6-E5D2-463A-B242-369A6DE991EE}.Debug|Any CPU.Build.0 = Debug|Any CPU
		{613DADD6-E5D2-463A-B242-369A6DE991EE}.Release|Any CPU.ActiveCfg = Release|Any CPU
		{613DADD6-E5D2-463A-B242-369A6DE991EE}.Release|Any CPU.Build.0 = Release|Any CPU
	EndGlobalSection
	GlobalSection(SolutionProperties) = preSolution
		HideSolutionNode = FALSE
	EndGlobalSection
	GlobalSection(ExtensibilityGlobals) = postSolution
		SolutionGuid = {23937834-4599-4473-85BD-89DDFC4770B1}
	EndGlobalSection
EndGlobal
